
Microsoft Visual Studio Solution File, Format Version 12.00
# Visual Studio 15
VisualStudioVersion = 15.0.28307.779
MinimumVisualStudioVersion = 10.0.40219.1
Project("{9A19103F-16F7-4668-BE54-9A1E7A4F7556}") = "ConsoleLab", "ConsoleLab\ConsoleLab.csproj", "{57DE0378-3978-4BD2-A195-6B9901528FDB}"
EndProject
Project("{9A19103F-16F7-4668-BE54-9A1E7A4F7556}") = "NugetLab01", "..\ProjectNuget\NugetLab01\NugetLab01.csproj", "{E02C0296-0841-44E6-B1CE-AED7B01C9347}"
EndProject
Global
	GlobalSection(SolutionConfigurationPlatforms) = preSolution
		Debug|Any CPU = Debug|Any CPU
		DebugNuget|Any CPU = DebugNuget|Any CPU
		Release|Any CPU = Release|Any CPU
	EndGlobalSection
	GlobalSection(ProjectConfigurationPlatforms) = postSolution
		{57DE0378-3978-4BD2-A195-6B9901528FDB}.Debug|Any CPU.ActiveCfg = Debug|Any CPU
		{57DE0378-3978-4BD2-A195-6B9901528FDB}.Debug|Any CPU.Build.0 = Debug|Any CPU
		{57DE0378-3978-4BD2-A195-6B9901528FDB}.DebugNuget|Any CPU.ActiveCfg = DebugNuget|Any CPU
		{57DE0378-3978-4BD2-A195-6B9901528FDB}.DebugNuget|Any CPU.Build.0 = DebugNuget|Any CPU
		{57DE0378-3978-4BD2-A195-6B9901528FDB}.Release|Any CPU.ActiveCfg = Release|Any CPU
		{57DE0378-3978-4BD2-A195-6B9901528FDB}.Release|Any CPU.Build.0 = Release|Any CPU
		{E02C0296-0841-44E6-B1CE-AED7B01C9347}.Debug|Any CPU.ActiveCfg = Debug|Any CPU
		{E02C0296-0841-44E6-B1CE-AED7B01C9347}.Debug|Any CPU.Build.0 = Debug|Any CPU
		{E02C0296-0841-44E6-B1CE-AED7B01C9347}.DebugNuget|Any CPU.ActiveCfg = Debug|Any CPU
		{E02C0296-0841-44E6-B1CE-AED7B01C9347}.DebugNuget|Any CPU.Build.0 = Debug|Any CPU
		{E02C0296-0841-44E6-B1CE-AED7B01C9347}.Release|Any CPU.ActiveCfg = Release|Any CPU
		{E02C0296-0841-44E6-B1CE-AED7B01C9347}.Release|Any CPU.Build.0 = Release|Any CPU
	EndGlobalSection
	GlobalSection(SolutionProperties) = preSolution
		HideSolutionNode = FALSE
	EndGlobalSection
	GlobalSection(ExtensibilityGlobals) = postSolution
		SolutionGuid = {382F9D1B-67C0-4C86-B0D0-80F7FE4583C0}
	EndGlobalSection
EndGlobal
